{
    "name": "password",
    "lockfileVersion": 3,
    "requires": true,
    "packages": {
        "": {
            "dependencies": {
                "shopify": "^0.1.0"
            }
        },
        "node_modules/shopify": {
            "version": "0.1.0",
            "resolved": "https://registry.npmjs.org/shopify/-/shopify-0.1.0.tgz",
            "integrity": "sha512-LJQav9mYHfw2ZvAOQmwVYqLjxI/EZcEN+Vtnpo5IhszA2t68SRk7dPjXR8iE31L8svehD9UtLg3MQHLli1pMeg==",
            "engines": {
                "node": ">=0.4.0"
            }
        }
    }
}
